
Microsoft Visual Studio Solution File, Format Version 12.00
# Visual Studio Version 17
VisualStudioVersion = 17.11.35327.3
MinimumVisualStudioVersion = 10.0.40219.1
Project("{FAE04EC0-301F-11D3-BF4B-00C04F79EFBC}") = "ModdingGUI", "ModdingGUI.csproj", "{9CA4C3E6-7DA0-448E-9E11-024BF1B07A92}"
EndProject
Global
	GlobalSection(SolutionConfigurationPlatforms) = preSolution
		Debug|Any CPU = Debug|Any CPU
		Release|Any CPU = Release|Any CPU
	EndGlobalSection
	GlobalSection(ProjectConfigurationPlatforms) = postSolution
		{9CA4C3E6-7DA0-448E-9E11-024BF1B07A92}.Debug|Any CPU.ActiveCfg = Debug|Any CPU
		{9CA4C3E6-7DA0-448E-9E11-024BF1B07A92}.Debug|Any CPU.Build.0 = Debug|Any CPU
		{9CA4C3E6-7DA0-448E-9E11-024BF1B07A92}.Release|Any CPU.ActiveCfg = Release|Any CPU
		{9CA4C3E6-7DA0-448E-9E11-024BF1B07A92}.Release|Any CPU.Build.0 = Release|Any CPU
	EndGlobalSection
	GlobalSection(SolutionProperties) = preSolution
		HideSolutionNode = FALSE
	EndGlobalSection
	GlobalSection(ExtensibilityGlobals) = postSolution
		SolutionGuid = {9E8F7068-C140-4EB4-A191-0629347984C4}
	EndGlobalSection
EndGlobal
